{
    "_readme": [
        "This file locks the dependencies of your project to a known state",
        "Read more about it at https://getcomposer.org/doc/01-basic-usage.md#installing-dependencies",
        "This file is @generated automatically"
    ],
    "content-hash": "2f77512d183946bc1ee612404f80f9d6",
    "packages": [
        {
            "name": "nathanpc/fantastique",
            "version": "0.2.0",
            "source": {
                "type": "git",
                "url": "https://github.com/nathanpc/fantastique.git",
                "reference": "34efdfb4dfe139d514b5a3ea277bbbca3f84e28c"
            },
            "dist": {
                "type": "zip",
                "url": "https://api.github.com/repos/nathanpc/fantastique/zipball/34efdfb4dfe139d514b5a3ea277bbbca3f84e28c",
                "reference": "34efdfb4dfe139d514b5a3ea277bbbca3f84e28c",
                "shasum": ""
            },
            "require": {
                "php": "^8.0"
            },
            "type": "library",
            "autoload": {
                "psr-4": {
                    "Fantastique\\": "src/"
                }
            },
            "notification-url": "https://packagist.org/downloads/",
            "license": [
                "MPL-2.0"
            ],
            "authors": [
                {
                    "name": "Nathan Campos",
                    "email": "nathan@innoveworkshop.com",
                    "homepage": "https://nathancampos.me/"
                }
            ],
            "description": "An un-opinionated static website generator for PHP",
            "support": {
                "issues": "https://github.com/nathanpc/fantastique/issues",
                "source": "https://github.com/nathanpc/fantastique/tree/0.2.0"
            },
            "time": "2024-11-08T18:09:26+00:00"
        }
    ],
    "packages-dev": [],
    "aliases": [],
    "minimum-stability": "stable",
    "stability-flags": {},
    "prefer-stable": false,
    "prefer-lowest": false,
    "platform": {
        "php": "^8.2"
    },
    "platform-dev": {},
    "plugin-api-version": "2.6.0"
}
